Microsoft Visual Studio Solution File, Format Version 12.00
# Visual Studio Version 17
VisualStudioVersion = 17.5.2.0
MinimumVisualStudioVersion = 10.0.40219.1
Project("{FAE04EC0-301F-11D3-BF4B-00C04F79EFBC}") = "GraphEventGrid", "src\GraphEventGrid.csproj", "{69B99055-B65A-5BBE-ECC9-69723F674BC2}"
EndProject
Global
	GlobalSection(SolutionConfigurationPlatforms) = preSolution
		Debug|Any CPU = Debug|Any CPU
		Release|Any CPU = Release|Any CPU
	EndGlobalSection
	GlobalSection(ProjectConfigurationPlatforms) = postSolution
		{69B99055-B65A-5BBE-ECC9-69723F674BC2}.Debug|Any CPU.ActiveCfg = Debug|Any CPU
		{69B99055-B65A-5BBE-ECC9-69723F674BC2}.Debug|Any CPU.Build.0 = Debug|Any CPU
		{69B99055-B65A-5BBE-ECC9-69723F674BC2}.Release|Any CPU.ActiveCfg = Release|Any CPU
		{69B99055-B65A-5BBE-ECC9-69723F674BC2}.Release|Any CPU.Build.0 = Release|Any CPU
	EndGlobalSection
	GlobalSection(SolutionProperties) = preSolution
		HideSolutionNode = FALSE
	EndGlobalSection
	GlobalSection(ExtensibilityGlobals) = postSolution
		SolutionGuid = {22836D38-BA7F-48B8-BE21-6B97F7BBA2F7}
	EndGlobalSection
EndGlobal
